
Microsoft Visual Studio Solution File, Format Version 12.00
# Visual Studio Version 16
VisualStudioVersion = 16.0.30711.63
MinimumVisualStudioVersion = 10.0.40219.1
Project("{8BC9CEB8-8B4A-11D0-8D11-00A0C91BC942}") = "inheritance_people", "inheritance_people.vcxproj", "{619CC265-81F0-4C0C-B753-0B7FDC59C7A3}"
EndProject
Global
	GlobalSection(SolutionConfigurationPlatforms) = preSolution
		Debug|x64 = Debug|x64
		Debug|x86 = Debug|x86
		Release|x64 = Release|x64
		Release|x86 = Release|x86
	EndGlobalSection
	GlobalSection(ProjectConfigurationPlatforms) = postSolution
		{619CC265-81F0-4C0C-B753-0B7FDC59C7A3}.Debug|x64.ActiveCfg = Debug|x64
		{619CC265-81F0-4C0C-B753-0B7FDC59C7A3}.Debug|x64.Build.0 = Debug|x64
		{619CC265-81F0-4C0C-B753-0B7FDC59C7A3}.Debug|x86.ActiveCfg = Debug|Win32
		{619CC265-81F0-4C0C-B753-0B7FDC59C7A3}.Debug|x86.Build.0 = Debug|Win32
		{619CC265-81F0-4C0C-B753-0B7FDC59C7A3}.Release|x64.ActiveCfg = Release|x64
		{619CC265-81F0-4C0C-B753-0B7FDC59C7A3}.Release|x64.Build.0 = Release|x64
		{619CC265-81F0-4C0C-B753-0B7FDC59C7A3}.Release|x86.ActiveCfg = Release|Win32
		{619CC265-81F0-4C0C-B753-0B7FDC59C7A3}.Release|x86.Build.0 = Release|Win32
	EndGlobalSection
	GlobalSection(SolutionProperties) = preSolution
		HideSolutionNode = FALSE
	EndGlobalSection
	GlobalSection(ExtensibilityGlobals) = postSolution
		SolutionGuid = {68FE1886-BAAB-4295-98D5-6977EE3B058F}
	EndGlobalSection
EndGlobal
